
Microsoft Visual Studio Solution File, Format Version 12.00
# Visual Studio 14
VisualStudioVersion = 14.0.24720.0
MinimumVisualStudioVersion = 10.0.40219.1
Project("{FAE04EC0-301F-11D3-BF4B-00C04F79EFBC}") = "UserChat", "UserChat\UserChat.csproj", "{CA4F3C3E-0D26-41AE-8E66-903AA8F8D5E8}"
EndProject
Project("{FAE04EC0-301F-11D3-BF4B-00C04F79EFBC}") = "ClientXmlTest", "ClientXmlTest\ClientXmlTest.csproj", "{DD7767FE-A1EB-44F7-94C7-34B0F1A6B987}"
EndProject
Project("{FAE04EC0-301F-11D3-BF4B-00C04F79EFBC}") = "ItemList", "ItemList\ItemList.csproj", "{1ACFFED4-BD76-4B0C-BDD9-76BA80FC962A}"
EndProject
Project("{FAE04EC0-301F-11D3-BF4B-00C04F79EFBC}") = "sp", "Sproogl\sp.csproj", "{3E001970-69B8-4C9A-8292-92BD0DF9744F}"
EndProject
Global
	GlobalSection(SolutionConfigurationPlatforms) = preSolution
		Debug|Any CPU = Debug|Any CPU
		Release|Any CPU = Release|Any CPU
	EndGlobalSection
	GlobalSection(ProjectConfigurationPlatforms) = postSolution
		{CA4F3C3E-0D26-41AE-8E66-903AA8F8D5E8}.Debug|Any CPU.ActiveCfg = Debug|Any CPU
		{CA4F3C3E-0D26-41AE-8E66-903AA8F8D5E8}.Debug|Any CPU.Build.0 = Debug|Any CPU
		{CA4F3C3E-0D26-41AE-8E66-903AA8F8D5E8}.Release|Any CPU.ActiveCfg = Release|Any CPU
		{CA4F3C3E-0D26-41AE-8E66-903AA8F8D5E8}.Release|Any CPU.Build.0 = Release|Any CPU
		{DD7767FE-A1EB-44F7-94C7-34B0F1A6B987}.Debug|Any CPU.ActiveCfg = Debug|Any CPU
		{DD7767FE-A1EB-44F7-94C7-34B0F1A6B987}.Debug|Any CPU.Build.0 = Debug|Any CPU
		{DD7767FE-A1EB-44F7-94C7-34B0F1A6B987}.Release|Any CPU.ActiveCfg = Release|Any CPU
		{DD7767FE-A1EB-44F7-94C7-34B0F1A6B987}.Release|Any CPU.Build.0 = Release|Any CPU
		{1ACFFED4-BD76-4B0C-BDD9-76BA80FC962A}.Debug|Any CPU.ActiveCfg = Debug|Any CPU
		{1ACFFED4-BD76-4B0C-BDD9-76BA80FC962A}.Debug|Any CPU.Build.0 = Debug|Any CPU
		{1ACFFED4-BD76-4B0C-BDD9-76BA80FC962A}.Release|Any CPU.ActiveCfg = Release|Any CPU
		{1ACFFED4-BD76-4B0C-BDD9-76BA80FC962A}.Release|Any CPU.Build.0 = Release|Any CPU
		{3E001970-69B8-4C9A-8292-92BD0DF9744F}.Debug|Any CPU.ActiveCfg = Debug|Any CPU
		{3E001970-69B8-4C9A-8292-92BD0DF9744F}.Debug|Any CPU.Build.0 = Debug|Any CPU
		{3E001970-69B8-4C9A-8292-92BD0DF9744F}.Release|Any CPU.ActiveCfg = Release|Any CPU
		{3E001970-69B8-4C9A-8292-92BD0DF9744F}.Release|Any CPU.Build.0 = Release|Any CPU
	EndGlobalSection
	GlobalSection(SolutionProperties) = preSolution
		HideSolutionNode = FALSE
	EndGlobalSection
EndGlobal
